
Microsoft Visual Studio Solution File, Format Version 12.00
# Visual Studio Version 17
VisualStudioVersion = 17.2.32630.192
MinimumVisualStudioVersion = 10.0.40219.1
Project("{FAE04EC0-301F-11D3-BF4B-00C04F79EFBC}") = "PhoneBook.Core", "PhoneBook.Core\PhoneBook.Core.csproj", "{6E8F759F-4AD8-49D8-B8CC-A954F2F6D25D}"
EndProject
Project("{FAE04EC0-301F-11D3-BF4B-00C04F79EFBC}") = "PhoneBook.Repository", "PhoneBook.Repository\PhoneBook.Repository.csproj", "{BB6F80BB-F601-413B-AC6D-D93181226FE4}"
EndProject
Project("{FAE04EC0-301F-11D3-BF4B-00C04F79EFBC}") = "PhoneBook.Service", "PhoneBook.Service\PhoneBook.Service.csproj", "{74FD522D-AEE2-4789-B0A2-852E752B2E65}"
EndProject
Project("{FAE04EC0-301F-11D3-BF4B-00C04F79EFBC}") = "PhoneBook.API", "PhoneBook.API\PhoneBook.API.csproj", "{C05B3466-6ABB-41FC-BE99-FF3AB0261205}"
EndProject
Project("{FAE04EC0-301F-11D3-BF4B-00C04F79EFBC}") = "PhoneBook.Web", "PhoneBook.Web\PhoneBook.Web.csproj", "{34956985-2D59-4551-A4BD-D6C0CDEF3AF4}"
EndProject
Global
	GlobalSection(SolutionConfigurationPlatforms) = preSolution
		Debug|Any CPU = Debug|Any CPU
		Release|Any CPU = Release|Any CPU
	EndGlobalSection
	GlobalSection(ProjectConfigurationPlatforms) = postSolution
		{6E8F759F-4AD8-49D8-B8CC-A954F2F6D25D}.Debug|Any CPU.ActiveCfg = Debug|Any CPU
		{6E8F759F-4AD8-49D8-B8CC-A954F2F6D25D}.Debug|Any CPU.Build.0 = Debug|Any CPU
		{6E8F759F-4AD8-49D8-B8CC-A954F2F6D25D}.Release|Any CPU.ActiveCfg = Release|Any CPU
		{6E8F759F-4AD8-49D8-B8CC-A954F2F6D25D}.Release|Any CPU.Build.0 = Release|Any CPU
		{BB6F80BB-F601-413B-AC6D-D93181226FE4}.Debug|Any CPU.ActiveCfg = Debug|Any CPU
		{BB6F80BB-F601-413B-AC6D-D93181226FE4}.Debug|Any CPU.Build.0 = Debug|Any CPU
		{BB6F80BB-F601-413B-AC6D-D93181226FE4}.Release|Any CPU.ActiveCfg = Release|Any CPU
		{BB6F80BB-F601-413B-AC6D-D93181226FE4}.Release|Any CPU.Build.0 = Release|Any CPU
		{74FD522D-AEE2-4789-B0A2-852E752B2E65}.Debug|Any CPU.ActiveCfg = Debug|Any CPU
		{74FD522D-AEE2-4789-B0A2-852E752B2E65}.Debug|Any CPU.Build.0 = Debug|Any CPU
		{74FD522D-AEE2-4789-B0A2-852E752B2E65}.Release|Any CPU.ActiveCfg = Release|Any CPU
		{74FD522D-AEE2-4789-B0A2-852E752B2E65}.Release|Any CPU.Build.0 = Release|Any CPU
		{C05B3466-6ABB-41FC-BE99-FF3AB0261205}.Debug|Any CPU.ActiveCfg = Debug|Any CPU
		{C05B3466-6ABB-41FC-BE99-FF3AB0261205}.Debug|Any CPU.Build.0 = Debug|Any CPU
		{C05B3466-6ABB-41FC-BE99-FF3AB0261205}.Release|Any CPU.ActiveCfg = Release|Any CPU
		{C05B3466-6ABB-41FC-BE99-FF3AB0261205}.Release|Any CPU.Build.0 = Release|Any CPU
		{34956985-2D59-4551-A4BD-D6C0CDEF3AF4}.Debug|Any CPU.ActiveCfg = Debug|Any CPU
		{34956985-2D59-4551-A4BD-D6C0CDEF3AF4}.Debug|Any CPU.Build.0 = Debug|Any CPU
		{34956985-2D59-4551-A4BD-D6C0CDEF3AF4}.Release|Any CPU.ActiveCfg = Release|Any CPU
		{34956985-2D59-4551-A4BD-D6C0CDEF3AF4}.Release|Any CPU.Build.0 = Release|Any CPU
	EndGlobalSection
	GlobalSection(SolutionProperties) = preSolution
		HideSolutionNode = FALSE
	EndGlobalSection
	GlobalSection(ExtensibilityGlobals) = postSolution
		SolutionGuid = {8751913B-A5DB-4854-8539-4359AE0B81AB}
	EndGlobalSection
EndGlobal
